{
  "name": "archives",
  "lockfileVersion": 2,
  "requires": true,
  "packages": {
    "": {
      "name": "archives",
      "devDependencies": {
        "prettier": "^2.8.1",
        "zenn-cli": "^0.1.121"
      }
    },
    "node_modules/prettier": {
      "version": "2.8.1",
      "resolved": "https://registry.npmjs.org/prettier/-/prettier-2.8.1.tgz",
      "integrity": "sha512-lqGoSJBQNJidqCHE80vqZJHWHRFoNYsSpP9AjFhlhi9ODCJA541svILes/+/1GM3VaL/abZi7cpFzOpdR9UPKg==",
      "dev": true,
      "bin": {
        "prettier": "bin-prettier.js"
      },
      "engines": {
        "node": ">=10.13.0"
      },
      "funding": {
        "url": "https://github.com/prettier/prettier?sponsor=1"
      }
    },
    "node_modules/zenn-cli": {
      "version": "0.1.121",
      "resolved": "https://registry.npmjs.org/zenn-cli/-/zenn-cli-0.1.121.tgz",
      "integrity": "sha512-u17cJ6dOlqMB3lNzdK6br4QHBKFa5eq7LM9q0/g2nhJqiwzmjONzwQAo43CpBoL8RQ4abm97vI2Q3clwgema/w==",
      "dev": true,
      "bin": {
        "zenn": "dist/server/zenn.js"
      },
      "engines": {
        "node": ">=14.0.0"
      }
    }
  },
  "dependencies": {
    "prettier": {
      "version": "2.8.1",
      "resolved": "https://registry.npmjs.org/prettier/-/prettier-2.8.1.tgz",
      "integrity": "sha512-lqGoSJBQNJidqCHE80vqZJHWHRFoNYsSpP9AjFhlhi9ODCJA541svILes/+/1GM3VaL/abZi7cpFzOpdR9UPKg==",
      "dev": true
    },
    "zenn-cli": {
      "version": "0.1.121",
      "resolved": "https://registry.npmjs.org/zenn-cli/-/zenn-cli-0.1.121.tgz",
      "integrity": "sha512-u17cJ6dOlqMB3lNzdK6br4QHBKFa5eq7LM9q0/g2nhJqiwzmjONzwQAo43CpBoL8RQ4abm97vI2Q3clwgema/w==",
      "dev": true
    }
  }
}
